schema: '2.0'
stages:
  data_ingestion:
    cmd: python src/data/data_ingestion.py
    deps:
    - path: params.yaml
      hash: md5
      md5: 91deb6ada07625364554d99034b26f50
      size: 139
    - path: src/data/data_ingestion.py
      hash: md5
      md5: dbf019e97d09bbaea2066f4bb916c0cf
      size: 3672
    outs:
    - path: data/raw
      hash: md5
      md5: fb326d2eec197669f9638afde28356bf.dir
      size: 827973
      nfiles: 2
